
Microsoft Visual Studio Solution File, Format Version 12.00
# Visual Studio Version 17
VisualStudioVersion = 17.8.34309.116
MinimumVisualStudioVersion = 10.0.40219.1
Project("{FAE04EC0-301F-11D3-BF4B-00C04F79EFBC}") = "ERS_pr106-pr119", "ERS_pr106-pr119\ERS_pr106-pr119.csproj", "{39BC9429-F8A0-4471-A644-E5737F87967D}"
EndProject
Global
	GlobalSection(SolutionConfigurationPlatforms) = preSolution
		Debug|Any CPU = Debug|Any CPU
		Release|Any CPU = Release|Any CPU
	EndGlobalSection
	GlobalSection(ProjectConfigurationPlatforms) = postSolution
		{39BC9429-F8A0-4471-A644-E5737F87967D}.Debug|Any CPU.ActiveCfg = Debug|Any CPU
		{39BC9429-F8A0-4471-A644-E5737F87967D}.Debug|Any CPU.Build.0 = Debug|Any CPU
		{39BC9429-F8A0-4471-A644-E5737F87967D}.Release|Any CPU.ActiveCfg = Release|Any CPU
		{39BC9429-F8A0-4471-A644-E5737F87967D}.Release|Any CPU.Build.0 = Release|Any CPU
	EndGlobalSection
	GlobalSection(SolutionProperties) = preSolution
		HideSolutionNode = FALSE
	EndGlobalSection
	GlobalSection(ExtensibilityGlobals) = postSolution
		SolutionGuid = {5A260425-7BE6-4F70-AEDB-AB23B7C1EE4A}
	EndGlobalSection
EndGlobal
